<?xml version="1.0" encoding="utf-8"?>
<Project ToolsVersion="4.0" xmlns="http://schemas.microsoft.com/developer/msbuild/2003">
  <ItemGroup>
    <Filter Include="Source Files">
      <UniqueIdentifier>{4FC737F1-C7A5-4376-A066-2A32D752A2FF}</UniqueIdentifier>
      <Extensions>cpp;c;cc;cxx;def;odl;idl;hpj;bat;asm;asmx</Extensions>
    </Filter>
    <Filter Include="Header Files">
      <UniqueIdentifier>{93995380-89BD-4b04-88EB-625FBE52EBFB}</UniqueIdentifier>
      <Extensions>h;hh;hpp;hxx;hm;inl;inc;xsd</Extensions>
    </Filter>
    <Filter Include="Resource Files">
      <UniqueIdentifier>{67DA6AB6-F800-4c08-8B7A-83BB121AAD01}</UniqueIdentifier>
      <Extensions>rc;ico;cur;bmp;dlg;rc2;rct;bin;rgs;gif;jpg;jpeg;jpe;resx;tiff;tif;png;wav;mfcribbon-ms</Extensions>
    </Filter>
    <Filter Include="Header Files\Interfaces">
      <UniqueIdentifier>{515e1ef9-86b6-4cbb-b2a5-4d1b0de5f259}</UniqueIdentifier>
    </Filter>
    <Filter Include="Source Files\Controller">
      <UniqueIdentifier>{de3e63fc-bcd7-4dde-b090-949b8cfeddfc}</UniqueIdentifier>
    </Filter>
    <Filter Include="Header Files\Controller">
      <UniqueIdentifier>{1d7ae1ab-087f-4fb1-9b2f-b153ba3ac318}</UniqueIdentifier>
    </Filter>
    <Filter Include="Header Files\Enumerations">
      <UniqueIdentifier>{87fbc860-0e84-4719-8662-59b141451979}</UniqueIdentifier>
    </Filter>
    <Filter Include="Source Files\Enumerations">
      <UniqueIdentifier>{13fa1024-c0c1-473e-bf93-52561bcb0693}</UniqueIdentifier>
    </Filter>
  </ItemGroup>
  <ItemGroup>
    <ClInclude Include="Position.h">
      <Filter>Header Files</Filter>
    </ClInclude>
    <ClInclude Include="Human.h">
      <Filter>Header Files</Filter>
    </ClInclude>
    <ClInclude Include="Troll.h">
      <Filter>Header Files</Filter>
    </ClInclude>
    <ClInclude Include="IIdentifiable.h">
      <Filter>Header Files\Interfaces</Filter>
    </ClInclude>
    <ClInclude Include="IName.h">
      <Filter>Header Files\Interfaces</Filter>
    </ClInclude>
    <ClInclude Include="IRace.h">
      <Filter>Header Files\Interfaces</Filter>
    </ClInclude>
    <ClInclude Include="ICombatable.h">
      <Filter>Header Files\Interfaces</Filter>
    </ClInclude>
    <ClInclude Include="IDamage.h">
      <Filter>Header Files\Interfaces</Filter>
    </ClInclude>
    <ClInclude Include="IHealth.h">
      <Filter>Header Files\Interfaces</Filter>
    </ClInclude>
    <ClInclude Include="IPosition.h">
      <Filter>Header Files\Interfaces</Filter>
    </ClInclude>
    <ClInclude Include="IMovable.h">
      <Filter>Header Files\Interfaces</Filter>
    </ClInclude>
    <ClInclude Include="Map.h">
      <Filter>Header Files</Filter>
    </ClInclude>
    <ClInclude Include="ConsoleController.h">
      <Filter>Header Files\Controller</Filter>
    </ClInclude>
    <ClInclude Include="ICharacter.h">
      <Filter>Header Files\Interfaces</Filter>
    </ClInclude>
    <ClInclude Include="IWriter.h">
      <Filter>Header Files\Interfaces</Filter>
    </ClInclude>
    <ClInclude Include="ConsoleWriter.h">
      <Filter>Header Files</Filter>
    </ClInclude>
    <ClInclude Include="ConsoleReader.h">
      <Filter>Header Files</Filter>
    </ClInclude>
    <ClInclude Include="IOption.h">
      <Filter>Header Files\Interfaces</Filter>
    </ClInclude>
    <ClInclude Include="ConsoleOption.h">
      <Filter>Header Files</Filter>
    </ClInclude>
    <ClInclude Include="IController.h">
      <Filter>Header Files\Controller</Filter>
    </ClInclude>
    <ClInclude Include="IReader.h">
      <Filter>Header Files\Interfaces</Filter>
    </ClInclude>
    <ClInclude Include="Action.h">
      <Filter>Header Files\Enumerations</Filter>
    </ClInclude>
    <ClInclude Include="IControllable.h">
      <Filter>Header Files\Interfaces</Filter>
    </ClInclude>
    <ClInclude Include="Faction.h">
      <Filter>Header Files\Enumerations</Filter>
    </ClInclude>
    <ClInclude Include="unique_map.h">
      <Filter>Header Files\Controller</Filter>
    </ClInclude>
    <ClInclude Include="IFaction.h">
      <Filter>Header Files\Interfaces</Filter>
    </ClInclude>
    <ClInclude Include="IStatistics.h">
      <Filter>Header Files\Interfaces</Filter>
    </ClInclude>
    <ClInclude Include="ISpeed.h">
      <Filter>Header Files\Interfaces</Filter>
    </ClInclude>
    <ClInclude Include="IdentifiableSettings.h">
      <Filter>Header Files</Filter>
    </ClInclude>
    <ClInclude Include="CombatableSettings.h">
      <Filter>Header Files</Filter>
    </ClInclude>
    <ClInclude Include="StatisticsSettings.h">
      <Filter>Header Files</Filter>
    </ClInclude>
    <ClInclude Include="ITriggerable.h">
      <Filter>Header Files\Interfaces</Filter>
    </ClInclude>
    <ClInclude Include="PlayerCombatManager.h">
      <Filter>Header Files</Filter>
    </ClInclude>
    <ClInclude Include="PlayerCharacter.h">
      <Filter>Header Files</Filter>
    </ClInclude>
    <ClInclude Include="MovableSettings.h">
      <Filter>Header Files</Filter>
    </ClInclude>
    <ClInclude Include="Trigger.h">
      <Filter>Header Files\Enumerations</Filter>
    </ClInclude>
    <ClInclude Include="Race.h">
      <Filter>Header Files\Enumerations</Filter>
    </ClInclude>
    <ClInclude Include="NonPlayerCharacter.h">
      <Filter>Header Files</Filter>
    </ClInclude>
    <ClInclude Include="IOutputStream.h">
      <Filter>Header Files\Interfaces</Filter>
    </ClInclude>
    <ClInclude Include="ConsoleOutputStream.h">
      <Filter>Header Files</Filter>
    </ClInclude>
    <ClInclude Include="AutoConsoleOption.h">
      <Filter>Header Files</Filter>
    </ClInclude>
    <ClInclude Include="IAutoOption.h">
      <Filter>Header Files\Interfaces</Filter>
    </ClInclude>
    <ClInclude Include="GameConditions.h">
      <Filter>Header Files</Filter>
    </ClInclude>
  </ItemGroup>
  <ItemGroup>
    <ClCompile Include="Main.cpp">
      <Filter>Source Files</Filter>
    </ClCompile>
    <ClCompile Include="Position.cpp">
      <Filter>Source Files</Filter>
    </ClCompile>
    <ClCompile Include="Human.cpp">
      <Filter>Source Files</Filter>
    </ClCompile>
    <ClCompile Include="Troll.cpp">
      <Filter>Source Files</Filter>
    </ClCompile>
    <ClCompile Include="Controller.cpp">
      <Filter>Source Files\Controller</Filter>
    </ClCompile>
    <ClCompile Include="ICharacter.cpp">
      <Filter>Source Files</Filter>
    </ClCompile>
    <ClCompile Include="ConsoleWriter.cpp">
      <Filter>Source Files</Filter>
    </ClCompile>
    <ClCompile Include="ConsoleReader.cpp">
      <Filter>Source Files</Filter>
    </ClCompile>
    <ClCompile Include="IdentifiableSettings.cpp">
      <Filter>Source Files</Filter>
    </ClCompile>
    <ClCompile Include="CombatableSettings.cpp">
      <Filter>Source Files</Filter>
    </ClCompile>
    <ClCompile Include="PlayerCombatManager.cpp">
      <Filter>Source Files</Filter>
    </ClCompile>
    <ClCompile Include="PlayerCharacter.cpp">
      <Filter>Source Files</Filter>
    </ClCompile>
    <ClCompile Include="NonPlayerCharacter.cpp">
      <Filter>Source Files</Filter>
    </ClCompile>
    <ClCompile Include="StatisticsSettings.cpp">
      <Filter>Source Files</Filter>
    </ClCompile>
    <ClCompile Include="ConsoleOutputStream.cpp">
      <Filter>Source Files</Filter>
    </ClCompile>
    <ClCompile Include="GameConditions.cpp">
      <Filter>Source Files</Filter>
    </ClCompile>
  </ItemGroup>
</Project>